
Microsoft Visual Studio Solution File, Format Version 12.00
Project("{FAE04EC0-301F-11D3-BF4B-00C04F79EFBC}") = "Instagram_Backend", "Instagram_Backend\Instagram_Backend.csproj", "{C116FCB8-8F32-4B33-A025-036E0363BD91}"
EndProject
Project("{FAE04EC0-301F-11D3-BF4B-00C04F79EFBC}") = "TestProject", "TestProject\TestProject.csproj", "{3B35B7C5-4C40-4B77-998C-98F47E0C08D7}"
EndProject
Global
	GlobalSection(SolutionConfigurationPlatforms) = preSolution
		Debug|Any CPU = Debug|Any CPU
		Debug|x64 = Debug|x64
		Debug|x86 = Debug|x86
		Release|Any CPU = Release|Any CPU
		Release|x64 = Release|x64
		Release|x86 = Release|x86
	EndGlobalSection
	GlobalSection(ProjectConfigurationPlatforms) = postSolution
		{C116FCB8-8F32-4B33-A025-036E0363BD91}.Debug|Any CPU.ActiveCfg = Debug|Any CPU
		{C116FCB8-8F32-4B33-A025-036E0363BD91}.Debug|Any CPU.Build.0 = Debug|Any CPU
		{C116FCB8-8F32-4B33-A025-036E0363BD91}.Debug|x64.ActiveCfg = Debug|Any CPU
		{C116FCB8-8F32-4B33-A025-036E0363BD91}.Debug|x64.Build.0 = Debug|Any CPU
		{C116FCB8-8F32-4B33-A025-036E0363BD91}.Debug|x86.ActiveCfg = Debug|Any CPU
		{C116FCB8-8F32-4B33-A025-036E0363BD91}.Debug|x86.Build.0 = Debug|Any CPU
		{C116FCB8-8F32-4B33-A025-036E0363BD91}.Release|Any CPU.ActiveCfg = Release|Any CPU
		{C116FCB8-8F32-4B33-A025-036E0363BD91}.Release|Any CPU.Build.0 = Release|Any CPU
		{C116FCB8-8F32-4B33-A025-036E0363BD91}.Release|x64.ActiveCfg = Release|Any CPU
		{C116FCB8-8F32-4B33-A025-036E0363BD91}.Release|x64.Build.0 = Release|Any CPU
		{C116FCB8-8F32-4B33-A025-036E0363BD91}.Release|x86.ActiveCfg = Release|Any CPU
		{C116FCB8-8F32-4B33-A025-036E0363BD91}.Release|x86.Build.0 = Release|Any CPU
		{3B35B7C5-4C40-4B77-998C-98F47E0C08D7}.Debug|Any CPU.ActiveCfg = Debug|Any CPU
		{3B35B7C5-4C40-4B77-998C-98F47E0C08D7}.Debug|Any CPU.Build.0 = Debug|Any CPU
		{3B35B7C5-4C40-4B77-998C-98F47E0C08D7}.Debug|x64.ActiveCfg = Debug|Any CPU
		{3B35B7C5-4C40-4B77-998C-98F47E0C08D7}.Debug|x64.Build.0 = Debug|Any CPU
		{3B35B7C5-4C40-4B77-998C-98F47E0C08D7}.Debug|x86.ActiveCfg = Debug|Any CPU
		{3B35B7C5-4C40-4B77-998C-98F47E0C08D7}.Debug|x86.Build.0 = Debug|Any CPU
		{3B35B7C5-4C40-4B77-998C-98F47E0C08D7}.Release|Any CPU.ActiveCfg = Release|Any CPU
		{3B35B7C5-4C40-4B77-998C-98F47E0C08D7}.Release|Any CPU.Build.0 = Release|Any CPU
		{3B35B7C5-4C40-4B77-998C-98F47E0C08D7}.Release|x64.ActiveCfg = Release|Any CPU
		{3B35B7C5-4C40-4B77-998C-98F47E0C08D7}.Release|x64.Build.0 = Release|Any CPU
		{3B35B7C5-4C40-4B77-998C-98F47E0C08D7}.Release|x86.ActiveCfg = Release|Any CPU
		{3B35B7C5-4C40-4B77-998C-98F47E0C08D7}.Release|x86.Build.0 = Release|Any CPU
	EndGlobalSection
	GlobalSection(SolutionProperties) = preSolution
		HideSolutionNode = FALSE
	EndGlobalSection
EndGlobal
